
Microsoft Visual Studio Solution File, Format Version 12.00
# Visual Studio Version 16
VisualStudioVersion = 16.0.30611.23
MinimumVisualStudioVersion = 10.0.40219.1
Project("{FAE04EC0-301F-11D3-BF4B-00C04F79EFBC}") = "kol.1", "kol.1\kol.1.csproj", "{45DD6882-F2BF-4980-95C7-37896A8CAFA2}"
EndProject
Global
	GlobalSection(SolutionConfigurationPlatforms) = preSolution
		Debug|Any CPU = Debug|Any CPU
		Release|Any CPU = Release|Any CPU
	EndGlobalSection
	GlobalSection(ProjectConfigurationPlatforms) = postSolution
		{45DD6882-F2BF-4980-95C7-37896A8CAFA2}.Debug|Any CPU.ActiveCfg = Debug|Any CPU
		{45DD6882-F2BF-4980-95C7-37896A8CAFA2}.Debug|Any CPU.Build.0 = Debug|Any CPU
		{45DD6882-F2BF-4980-95C7-37896A8CAFA2}.Release|Any CPU.ActiveCfg = Release|Any CPU
		{45DD6882-F2BF-4980-95C7-37896A8CAFA2}.Release|Any CPU.Build.0 = Release|Any CPU
	EndGlobalSection
	GlobalSection(SolutionProperties) = preSolution
		HideSolutionNode = FALSE
	EndGlobalSection
	GlobalSection(ExtensibilityGlobals) = postSolution
		SolutionGuid = {A3F60B43-DB17-4F42-AA82-56F8B28CF1A6}
	EndGlobalSection
EndGlobal
